
Microsoft Visual Studio Solution File, Format Version 12.00
# Visual Studio Version 16
VisualStudioVersion = 25.0.1706.4
MinimumVisualStudioVersion = 10.0.40219.1
Project("{FAE04EC0-301F-11D3-BF4B-00C04F79EFBC}") = "Selection", "Selection\Selection.csproj", "{AD9AFC3C-C387-4A8B-98BE-AE6E20E18BB0}"
EndProject
Global
	GlobalSection(SolutionConfigurationPlatforms) = preSolution
		Debug|Any CPU = Debug|Any CPU
		Release|Any CPU = Release|Any CPU
	EndGlobalSection
	GlobalSection(ProjectConfigurationPlatforms) = postSolution
		{AD9AFC3C-C387-4A8B-98BE-AE6E20E18BB0}.Debug|Any CPU.ActiveCfg = Debug|Any CPU
		{AD9AFC3C-C387-4A8B-98BE-AE6E20E18BB0}.Debug|Any CPU.Build.0 = Debug|Any CPU
		{AD9AFC3C-C387-4A8B-98BE-AE6E20E18BB0}.Release|Any CPU.ActiveCfg = Release|Any CPU
		{AD9AFC3C-C387-4A8B-98BE-AE6E20E18BB0}.Release|Any CPU.Build.0 = Release|Any CPU
	EndGlobalSection
	GlobalSection(SolutionProperties) = preSolution
		HideSolutionNode = FALSE
	EndGlobalSection
	GlobalSection(ExtensibilityGlobals) = postSolution
		SolutionGuid = {660AE87B-85AB-4FFD-9E3E-77AB8043504C}
	EndGlobalSection
EndGlobal
